# This file is automatically @generated by Cargo.
# It is not intended for manual editing.
version = 3

[[package]]
name = "kengos_test_rpn_calc"
version = "0.1.0"
source = "registry+https://github.com/rust-lang/crates.io-index"
checksum = "2496740c9e22a45ff0d84c7b375344c0e2bcf72380d4b2cca2be6a15989e82a0"

[[package]]
name = "rpn_test"
version = "0.1.0"
dependencies = [
 "kengos_test_rpn_calc",
]
